
Microsoft Visual Studio Solution File, Format Version 12.00
# Visual Studio 15
VisualStudioVersion = 15.0.28010.2046
MinimumVisualStudioVersion = 10.0.40219.1
Project("{9A19103F-16F7-4668-BE54-9A1E7A4F7556}") = "juxce.tuneage.pac", "juxce.tuneage.pac\juxce.tuneage.pac.csproj", "{C3C20AB6-D8DA-4E2A-A91E-73BE2F8940FF}"
EndProject
Project("{9A19103F-16F7-4668-BE54-9A1E7A4F7556}") = "juxce.tuneage.pac.test.unit", "juxce.tuneage.pac.test.unit\juxce.tuneage.pac.test.unit.csproj", "{A218B846-CB1D-482A-B2C4-BE1A7C8E69C0}"
EndProject
Project("{2150E333-8FDC-42A3-9474-1A3956D46DE8}") = "Solution Items", "Solution Items", "{091E9C14-4791-4ABC-A8B5-7925F9E545CB}"
	ProjectSection(SolutionItems) = preProject
		azure-pipelines.yml = azure-pipelines.yml
		LICENSE = LICENSE
		README.md = README.md
	EndProjectSection
EndProject
Project("{2150E333-8FDC-42A3-9474-1A3956D46DE8}") = "juxce.tuneage.pac.test.integration", "juxce.tuneage.pac.test.integration", "{05E32039-C4CB-4067-8FA1-0115AD0A89AC}"
	ProjectSection(SolutionItems) = preProject
		juxce.tuneage.pac.test.integration\RandD.postman_collection.json = juxce.tuneage.pac.test.integration\RandD.postman_collection.json
	EndProjectSection
EndProject
Global
	GlobalSection(SolutionConfigurationPlatforms) = preSolution
		Debug|Any CPU = Debug|Any CPU
		Release|Any CPU = Release|Any CPU
	EndGlobalSection
	GlobalSection(ProjectConfigurationPlatforms) = postSolution
		{C3C20AB6-D8DA-4E2A-A91E-73BE2F8940FF}.Debug|Any CPU.ActiveCfg = Debug|Any CPU
		{C3C20AB6-D8DA-4E2A-A91E-73BE2F8940FF}.Debug|Any CPU.Build.0 = Debug|Any CPU
		{C3C20AB6-D8DA-4E2A-A91E-73BE2F8940FF}.Release|Any CPU.ActiveCfg = Release|Any CPU
		{C3C20AB6-D8DA-4E2A-A91E-73BE2F8940FF}.Release|Any CPU.Build.0 = Release|Any CPU
		{A218B846-CB1D-482A-B2C4-BE1A7C8E69C0}.Debug|Any CPU.ActiveCfg = Debug|Any CPU
		{A218B846-CB1D-482A-B2C4-BE1A7C8E69C0}.Debug|Any CPU.Build.0 = Debug|Any CPU
		{A218B846-CB1D-482A-B2C4-BE1A7C8E69C0}.Release|Any CPU.ActiveCfg = Release|Any CPU
		{A218B846-CB1D-482A-B2C4-BE1A7C8E69C0}.Release|Any CPU.Build.0 = Release|Any CPU
	EndGlobalSection
	GlobalSection(SolutionProperties) = preSolution
		HideSolutionNode = FALSE
	EndGlobalSection
	GlobalSection(ExtensibilityGlobals) = postSolution
		SolutionGuid = {79FB8E95-27DD-450C-9129-5438774DE0FB}
	EndGlobalSection
EndGlobal
