
Microsoft Visual Studio Solution File, Format Version 12.00
# Visual Studio 15
VisualStudioVersion = 15.0.28010.2046
MinimumVisualStudioVersion = 10.0.40219.1
Project("{9A19103F-16F7-4668-BE54-9A1E7A4F7556}") = "juxce.tuneage.devops", "FunctionApp1\juxce.tuneage.devops.csproj", "{DE54976D-A305-4D1E-8360-0F2D1B092DEF}"
EndProject
Project("{9A19103F-16F7-4668-BE54-9A1E7A4F7556}") = "juxce.tuneage.devops.canary.tests", "CanaryTest\juxce.tuneage.devops.canary.tests.csproj", "{8AD97DDE-D106-4A67-8611-689E9D41A573}"
EndProject
Project("{FAE04EC0-301F-11D3-BF4B-00C04F79EFBC}") = "Postman", "Postman\Postman.csproj", "{D415E126-C2F4-42B7-A0B3-F0BB76D69380}"
EndProject
Global
	GlobalSection(SolutionConfigurationPlatforms) = preSolution
		Debug|Any CPU = Debug|Any CPU
		Release|Any CPU = Release|Any CPU
	EndGlobalSection
	GlobalSection(ProjectConfigurationPlatforms) = postSolution
		{DE54976D-A305-4D1E-8360-0F2D1B092DEF}.Debug|Any CPU.ActiveCfg = Debug|Any CPU
		{DE54976D-A305-4D1E-8360-0F2D1B092DEF}.Debug|Any CPU.Build.0 = Debug|Any CPU
		{DE54976D-A305-4D1E-8360-0F2D1B092DEF}.Release|Any CPU.ActiveCfg = Release|Any CPU
		{DE54976D-A305-4D1E-8360-0F2D1B092DEF}.Release|Any CPU.Build.0 = Release|Any CPU
		{8AD97DDE-D106-4A67-8611-689E9D41A573}.Debug|Any CPU.ActiveCfg = Debug|Any CPU
		{8AD97DDE-D106-4A67-8611-689E9D41A573}.Debug|Any CPU.Build.0 = Debug|Any CPU
		{8AD97DDE-D106-4A67-8611-689E9D41A573}.Release|Any CPU.ActiveCfg = Release|Any CPU
		{8AD97DDE-D106-4A67-8611-689E9D41A573}.Release|Any CPU.Build.0 = Release|Any CPU
		{D415E126-C2F4-42B7-A0B3-F0BB76D69380}.Debug|Any CPU.ActiveCfg = Debug|Any CPU
		{D415E126-C2F4-42B7-A0B3-F0BB76D69380}.Debug|Any CPU.Build.0 = Debug|Any CPU
		{D415E126-C2F4-42B7-A0B3-F0BB76D69380}.Release|Any CPU.ActiveCfg = Release|Any CPU
		{D415E126-C2F4-42B7-A0B3-F0BB76D69380}.Release|Any CPU.Build.0 = Release|Any CPU
	EndGlobalSection
	GlobalSection(SolutionProperties) = preSolution
		HideSolutionNode = FALSE
	EndGlobalSection
	GlobalSection(ExtensibilityGlobals) = postSolution
		SolutionGuid = {79FB8E95-27DD-450C-9129-5438774DE0FB}
	EndGlobalSection
EndGlobal
